
Microsoft Visual Studio Solution File, Format Version 12.00
# Visual Studio Version 17
VisualStudioVersion = 17.11.35327.3
MinimumVisualStudioVersion = 10.0.40219.1
Project("{FAE04EC0-301F-11D3-BF4B-00C04F79EFBC}") = "Demo", "Demo\Demo.csproj", "{C554DC54-1A0E-4C86-B075-724DCD802040}"
EndProject
Global
	GlobalSection(SolutionConfigurationPlatforms) = preSolution
		Debug|Any CPU = Debug|Any CPU
		Release|Any CPU = Release|Any CPU
	EndGlobalSection
	GlobalSection(ProjectConfigurationPlatforms) = postSolution
		{C554DC54-1A0E-4C86-B075-724DCD802040}.Debug|Any CPU.ActiveCfg = Debug|Any CPU
		{C554DC54-1A0E-4C86-B075-724DCD802040}.Debug|Any CPU.Build.0 = Debug|Any CPU
		{C554DC54-1A0E-4C86-B075-724DCD802040}.Release|Any CPU.ActiveCfg = Release|Any CPU
		{C554DC54-1A0E-4C86-B075-724DCD802040}.Release|Any CPU.Build.0 = Release|Any CPU
	EndGlobalSection
	GlobalSection(SolutionProperties) = preSolution
		HideSolutionNode = FALSE
	EndGlobalSection
	GlobalSection(ExtensibilityGlobals) = postSolution
		SolutionGuid = {4A67CC44-8F3C-4EB9-A497-E3ABFCC69F74}
	EndGlobalSection
EndGlobal
